
Microsoft Visual Studio Solution File, Format Version 12.00
# Visual Studio Version 16
VisualStudioVersion = 16.0.31624.102
MinimumVisualStudioVersion = 10.0.40219.1
Project("{9A19103F-16F7-4668-BE54-9A1E7A4F7556}") = "coreSessionManagementApplication", "coreSessionManagementApplication\coreSessionManagementApplication.csproj", "{4D70BA7B-5B01-4446-8AED-E6E095AC7DD0}"
EndProject
Global
	GlobalSection(SolutionConfigurationPlatforms) = preSolution
		Debug|Any CPU = Debug|Any CPU
		Release|Any CPU = Release|Any CPU
	EndGlobalSection
	GlobalSection(ProjectConfigurationPlatforms) = postSolution
		{4D70BA7B-5B01-4446-8AED-E6E095AC7DD0}.Debug|Any CPU.ActiveCfg = Debug|Any CPU
		{4D70BA7B-5B01-4446-8AED-E6E095AC7DD0}.Debug|Any CPU.Build.0 = Debug|Any CPU
		{4D70BA7B-5B01-4446-8AED-E6E095AC7DD0}.Release|Any CPU.ActiveCfg = Release|Any CPU
		{4D70BA7B-5B01-4446-8AED-E6E095AC7DD0}.Release|Any CPU.Build.0 = Release|Any CPU
	EndGlobalSection
	GlobalSection(SolutionProperties) = preSolution
		HideSolutionNode = FALSE
	EndGlobalSection
	GlobalSection(ExtensibilityGlobals) = postSolution
		SolutionGuid = {00DB370E-9352-4A40-B575-0F289F3BFE73}
	EndGlobalSection
EndGlobal
